
Microsoft Visual Studio Solution File, Format Version 12.00
# Visual Studio 15
VisualStudioVersion = 15.0.26124.0
MinimumVisualStudioVersion = 15.0.26124.0
Project("{FAE04EC0-301F-11D3-BF4B-00C04F79EFBC}") = "ExportToExcel.Services", "ExportToExcel.Services\ExportToExcel.Services.csproj", "{E179A5F6-635B-41FB-8AF9-143545FE904B}"
EndProject
Project("{FAE04EC0-301F-11D3-BF4B-00C04F79EFBC}") = "ExportToExcel.UnitTests", "ExportToExcel.UnitTests\ExportToExcel.UnitTests.csproj", "{DE3B7822-F387-441F-B1CB-A44341E3C7C8}"
EndProject
Global
	GlobalSection(SolutionConfigurationPlatforms) = preSolution
		Debug|Any CPU = Debug|Any CPU
		Debug|x64 = Debug|x64
		Debug|x86 = Debug|x86
		Release|Any CPU = Release|Any CPU
		Release|x64 = Release|x64
		Release|x86 = Release|x86
	EndGlobalSection
	GlobalSection(SolutionProperties) = preSolution
		HideSolutionNode = FALSE
	EndGlobalSection
	GlobalSection(ProjectConfigurationPlatforms) = postSolution
		{E179A5F6-635B-41FB-8AF9-143545FE904B}.Debug|Any CPU.ActiveCfg = Debug|Any CPU
		{E179A5F6-635B-41FB-8AF9-143545FE904B}.Debug|Any CPU.Build.0 = Debug|Any CPU
		{E179A5F6-635B-41FB-8AF9-143545FE904B}.Debug|x64.ActiveCfg = Debug|Any CPU
		{E179A5F6-635B-41FB-8AF9-143545FE904B}.Debug|x64.Build.0 = Debug|Any CPU
		{E179A5F6-635B-41FB-8AF9-143545FE904B}.Debug|x86.ActiveCfg = Debug|Any CPU
		{E179A5F6-635B-41FB-8AF9-143545FE904B}.Debug|x86.Build.0 = Debug|Any CPU
		{E179A5F6-635B-41FB-8AF9-143545FE904B}.Release|Any CPU.ActiveCfg = Release|Any CPU
		{E179A5F6-635B-41FB-8AF9-143545FE904B}.Release|Any CPU.Build.0 = Release|Any CPU
		{E179A5F6-635B-41FB-8AF9-143545FE904B}.Release|x64.ActiveCfg = Release|Any CPU
		{E179A5F6-635B-41FB-8AF9-143545FE904B}.Release|x64.Build.0 = Release|Any CPU
		{E179A5F6-635B-41FB-8AF9-143545FE904B}.Release|x86.ActiveCfg = Release|Any CPU
		{E179A5F6-635B-41FB-8AF9-143545FE904B}.Release|x86.Build.0 = Release|Any CPU
		{DE3B7822-F387-441F-B1CB-A44341E3C7C8}.Debug|Any CPU.ActiveCfg = Debug|Any CPU
		{DE3B7822-F387-441F-B1CB-A44341E3C7C8}.Debug|Any CPU.Build.0 = Debug|Any CPU
		{DE3B7822-F387-441F-B1CB-A44341E3C7C8}.Debug|x64.ActiveCfg = Debug|Any CPU
		{DE3B7822-F387-441F-B1CB-A44341E3C7C8}.Debug|x64.Build.0 = Debug|Any CPU
		{DE3B7822-F387-441F-B1CB-A44341E3C7C8}.Debug|x86.ActiveCfg = Debug|Any CPU
		{DE3B7822-F387-441F-B1CB-A44341E3C7C8}.Debug|x86.Build.0 = Debug|Any CPU
		{DE3B7822-F387-441F-B1CB-A44341E3C7C8}.Release|Any CPU.ActiveCfg = Release|Any CPU
		{DE3B7822-F387-441F-B1CB-A44341E3C7C8}.Release|Any CPU.Build.0 = Release|Any CPU
		{DE3B7822-F387-441F-B1CB-A44341E3C7C8}.Release|x64.ActiveCfg = Release|Any CPU
		{DE3B7822-F387-441F-B1CB-A44341E3C7C8}.Release|x64.Build.0 = Release|Any CPU
		{DE3B7822-F387-441F-B1CB-A44341E3C7C8}.Release|x86.ActiveCfg = Release|Any CPU
		{DE3B7822-F387-441F-B1CB-A44341E3C7C8}.Release|x86.Build.0 = Release|Any CPU
	EndGlobalSection
EndGlobal
